
Microsoft Visual Studio Solution File, Format Version 12.00
# Visual Studio 14
VisualStudioVersion = 14.0.25420.1
MinimumVisualStudioVersion = 10.0.40219.1
Project("{FAE04EC0-301F-11D3-BF4B-00C04F79EFBC}") = "ChartViewer", "ChartViewer\ChartViewer.csproj", "{C8245660-CFFB-472E-AB40-E31BAF9D493E}"
EndProject
Project("{2150E333-8FDC-42A3-9474-1A3956D46DE8}") = "Business", "Business", "{7137AB9B-D384-40C9-9478-A41B90B4FA16}"
EndProject
Project("{2150E333-8FDC-42A3-9474-1A3956D46DE8}") = "Home", "Home", "{55D23471-6359-468E-BAB4-6154EF7CE188}"
EndProject
Project("{FAE04EC0-301F-11D3-BF4B-00C04F79EFBC}") = "HomeModule", "HomeProcessor\HomeModule.csproj", "{CF50C549-C177-4315-80F8-F8313BCF1285}"
EndProject
Project("{FAE04EC0-301F-11D3-BF4B-00C04F79EFBC}") = "HomeContracts", "HomeContracts\HomeContracts.csproj", "{A8BDE2AE-3B9C-425E-AD68-EA80D1369202}"
EndProject
Project("{2150E333-8FDC-42A3-9474-1A3956D46DE8}") = "User", "User", "{4C6D5036-49F9-42CA-A9A1-6BFE3703CF3B}"
EndProject
Project("{FAE04EC0-301F-11D3-BF4B-00C04F79EFBC}") = "UserContract", "UserContract\UserContract.csproj", "{465C2E7F-0638-4673-B0A5-B9DAD2A6E06A}"
EndProject
Project("{FAE04EC0-301F-11D3-BF4B-00C04F79EFBC}") = "UserModule", "UserModule\UserModule.csproj", "{287EEBB8-DB02-46C2-9E0E-CA8FC69C6378}"
EndProject
Project("{2150E333-8FDC-42A3-9474-1A3956D46DE8}") = "DataAccess", "DataAccess", "{B58B4CC6-0FDB-4B1A-AD59-CFF48B5838BF}"
EndProject
Project("{FAE04EC0-301F-11D3-BF4B-00C04F79EFBC}") = "DataAccessLayer", "DataAccessLayer\DataAccessLayer.csproj", "{DD116793-1168-4D5F-9EAF-244609888BBE}"
EndProject
Global
	GlobalSection(SolutionConfigurationPlatforms) = preSolution
		Debug|Any CPU = Debug|Any CPU
		Release|Any CPU = Release|Any CPU
	EndGlobalSection
	GlobalSection(ProjectConfigurationPlatforms) = postSolution
		{C8245660-CFFB-472E-AB40-E31BAF9D493E}.Debug|Any CPU.ActiveCfg = Debug|Any CPU
		{C8245660-CFFB-472E-AB40-E31BAF9D493E}.Debug|Any CPU.Build.0 = Debug|Any CPU
		{C8245660-CFFB-472E-AB40-E31BAF9D493E}.Release|Any CPU.ActiveCfg = Release|Any CPU
		{C8245660-CFFB-472E-AB40-E31BAF9D493E}.Release|Any CPU.Build.0 = Release|Any CPU
		{CF50C549-C177-4315-80F8-F8313BCF1285}.Debug|Any CPU.ActiveCfg = Debug|Any CPU
		{CF50C549-C177-4315-80F8-F8313BCF1285}.Debug|Any CPU.Build.0 = Debug|Any CPU
		{CF50C549-C177-4315-80F8-F8313BCF1285}.Release|Any CPU.ActiveCfg = Release|Any CPU
		{CF50C549-C177-4315-80F8-F8313BCF1285}.Release|Any CPU.Build.0 = Release|Any CPU
		{A8BDE2AE-3B9C-425E-AD68-EA80D1369202}.Debug|Any CPU.ActiveCfg = Debug|Any CPU
		{A8BDE2AE-3B9C-425E-AD68-EA80D1369202}.Debug|Any CPU.Build.0 = Debug|Any CPU
		{A8BDE2AE-3B9C-425E-AD68-EA80D1369202}.Release|Any CPU.ActiveCfg = Release|Any CPU
		{A8BDE2AE-3B9C-425E-AD68-EA80D1369202}.Release|Any CPU.Build.0 = Release|Any CPU
		{465C2E7F-0638-4673-B0A5-B9DAD2A6E06A}.Debug|Any CPU.ActiveCfg = Debug|Any CPU
		{465C2E7F-0638-4673-B0A5-B9DAD2A6E06A}.Debug|Any CPU.Build.0 = Debug|Any CPU
		{465C2E7F-0638-4673-B0A5-B9DAD2A6E06A}.Release|Any CPU.ActiveCfg = Release|Any CPU
		{465C2E7F-0638-4673-B0A5-B9DAD2A6E06A}.Release|Any CPU.Build.0 = Release|Any CPU
		{287EEBB8-DB02-46C2-9E0E-CA8FC69C6378}.Debug|Any CPU.ActiveCfg = Debug|Any CPU
		{287EEBB8-DB02-46C2-9E0E-CA8FC69C6378}.Debug|Any CPU.Build.0 = Debug|Any CPU
		{287EEBB8-DB02-46C2-9E0E-CA8FC69C6378}.Release|Any CPU.ActiveCfg = Release|Any CPU
		{287EEBB8-DB02-46C2-9E0E-CA8FC69C6378}.Release|Any CPU.Build.0 = Release|Any CPU
		{DD116793-1168-4D5F-9EAF-244609888BBE}.Debug|Any CPU.ActiveCfg = Debug|Any CPU
		{DD116793-1168-4D5F-9EAF-244609888BBE}.Debug|Any CPU.Build.0 = Debug|Any CPU
		{DD116793-1168-4D5F-9EAF-244609888BBE}.Release|Any CPU.ActiveCfg = Release|Any CPU
		{DD116793-1168-4D5F-9EAF-244609888BBE}.Release|Any CPU.Build.0 = Release|Any CPU
	EndGlobalSection
	GlobalSection(SolutionProperties) = preSolution
		HideSolutionNode = FALSE
	EndGlobalSection
	GlobalSection(NestedProjects) = preSolution
		{55D23471-6359-468E-BAB4-6154EF7CE188} = {7137AB9B-D384-40C9-9478-A41B90B4FA16}
		{CF50C549-C177-4315-80F8-F8313BCF1285} = {55D23471-6359-468E-BAB4-6154EF7CE188}
		{A8BDE2AE-3B9C-425E-AD68-EA80D1369202} = {55D23471-6359-468E-BAB4-6154EF7CE188}
		{4C6D5036-49F9-42CA-A9A1-6BFE3703CF3B} = {7137AB9B-D384-40C9-9478-A41B90B4FA16}
		{465C2E7F-0638-4673-B0A5-B9DAD2A6E06A} = {4C6D5036-49F9-42CA-A9A1-6BFE3703CF3B}
		{287EEBB8-DB02-46C2-9E0E-CA8FC69C6378} = {4C6D5036-49F9-42CA-A9A1-6BFE3703CF3B}
		{DD116793-1168-4D5F-9EAF-244609888BBE} = {B58B4CC6-0FDB-4B1A-AD59-CFF48B5838BF}
	EndGlobalSection
EndGlobal
